
Microsoft Visual Studio Solution File, Format Version 12.00
# Visual Studio 15
VisualStudioVersion = 15.0.28010.2016
MinimumVisualStudioVersion = 10.0.40219.1
Project("{9A19103F-16F7-4668-BE54-9A1E7A4F7556}") = "AuthenticationService", "AuthenticationService.csproj", "{819243C1-AD90-4D84-A0BF-DBB039845E40}"
EndProject
Global
	GlobalSection(SolutionConfigurationPlatforms) = preSolution
		Debug|Any CPU = Debug|Any CPU
		Release|Any CPU = Release|Any CPU
	EndGlobalSection
	GlobalSection(ProjectConfigurationPlatforms) = postSolution
		{819243C1-AD90-4D84-A0BF-DBB039845E40}.Debug|Any CPU.ActiveCfg = Debug|Any CPU
		{819243C1-AD90-4D84-A0BF-DBB039845E40}.Debug|Any CPU.Build.0 = Debug|Any CPU
		{819243C1-AD90-4D84-A0BF-DBB039845E40}.Release|Any CPU.ActiveCfg = Release|Any CPU
		{819243C1-AD90-4D84-A0BF-DBB039845E40}.Release|Any CPU.Build.0 = Release|Any CPU
	EndGlobalSection
	GlobalSection(SolutionProperties) = preSolution
		HideSolutionNode = FALSE
	EndGlobalSection
	GlobalSection(ExtensibilityGlobals) = postSolution
		SolutionGuid = {0AFF3A17-277B-40B1-B039-0B5A0EBCC633}
	EndGlobalSection
EndGlobal
